
Microsoft Visual Studio Solution File, Format Version 12.00
# Visual Studio 14
VisualStudioVersion = 14.0.25420.1
MinimumVisualStudioVersion = 10.0.40219.1
Project("{FAE04EC0-301F-11D3-BF4B-00C04F79EFBC}") = "Utilitarian.Settings", "Utilitarian.Settings\Utilitarian.Settings.csproj", "{203F2B50-C86E-4B15-AD0D-5F5860ADA816}"
EndProject
Project("{FAE04EC0-301F-11D3-BF4B-00C04F79EFBC}") = "Utilitarian.Extensions", "Utilitarian.Extensions\Utilitarian.Extensions.csproj", "{05291AD2-5A85-4073-AA58-36F035B0F75E}"
EndProject
Project("{FAE04EC0-301F-11D3-BF4B-00C04F79EFBC}") = "Utilitarian.Caching", "Utilitarian.Caching\Utilitarian.Caching.csproj", "{1F61D568-3AB8-4771-9BBE-7948DD5E02ED}"
EndProject
Project("{FAE04EC0-301F-11D3-BF4B-00C04F79EFBC}") = "Utilitarian.Caching.Test.Unit", "Utilitarian.Caching.Test.Unit\Utilitarian.Caching.Test.Unit.csproj", "{E5046501-2B01-4DEA-9E04-9F39418538CA}"
EndProject
Project("{FAE04EC0-301F-11D3-BF4B-00C04F79EFBC}") = "Utilitarian.Extensions.Test.Unit", "Utilitarian.Extensions.Test.Unit\Utilitarian.Extensions.Test.Unit.csproj", "{74FFE74C-B542-4445-9F27-C51D4AF80A67}"
EndProject
Project("{FAE04EC0-301F-11D3-BF4B-00C04F79EFBC}") = "Utilitarian.Settings.Test.Unit", "Utilitarian.Settings.Test.Unit\Utilitarian.Settings.Test.Unit.csproj", "{57528344-A5EE-43AD-853C-88D962650C5C}"
EndProject
Project("{FAE04EC0-301F-11D3-BF4B-00C04F79EFBC}") = "Utilitarian.Status", "Utilitarian.Status\Utilitarian.Status.csproj", "{5C26993A-7E18-42B5-86C5-2B2AC3EF75B7}"
EndProject
Project("{FAE04EC0-301F-11D3-BF4B-00C04F79EFBC}") = "Utilitarian.Status.Test.Unit", "Utilitarian.Status.Test.Unit\Utilitarian.Status.Test.Unit.csproj", "{A4390D53-9399-48A3-949C-4E75E9859527}"
EndProject
Project("{FAE04EC0-301F-11D3-BF4B-00C04F79EFBC}") = "Utilitarian.FluentExcel", "Utilitarian.FluentExcel\Utilitarian.FluentExcel.csproj", "{04344DEE-2880-4C99-A6F1-457BFD988130}"
EndProject
Project("{FAE04EC0-301F-11D3-BF4B-00C04F79EFBC}") = "Utilitarian.FluentExcel.Test.Unit", "Utilitarian.FluentExcel.Test.Unit\Utilitarian.FluentExcel.Test.Unit.csproj", "{55CD72DA-74BE-432A-81B9-2AA2F37DC011}"
EndProject
Project("{FAE04EC0-301F-11D3-BF4B-00C04F79EFBC}") = "Utilitarian.FeatureToggles", "Utilitarian.FeatureToggles\Utilitarian.FeatureToggles.csproj", "{A8014048-ADCF-4411-A75C-D1FAB805F7FE}"
EndProject
Project("{FAE04EC0-301F-11D3-BF4B-00C04F79EFBC}") = "Utilitarian.FeatureToggles.Test.Unit", "Utilitarian.FeatureToggles.Test.Unit\Utilitarian.FeatureToggles.Test.Unit.csproj", "{5079E3D2-7761-4460-9C68-28CF02EA8ED2}"
EndProject
Global
	GlobalSection(SolutionConfigurationPlatforms) = preSolution
		Debug|Any CPU = Debug|Any CPU
		Release|Any CPU = Release|Any CPU
	EndGlobalSection
	GlobalSection(ProjectConfigurationPlatforms) = postSolution
		{203F2B50-C86E-4B15-AD0D-5F5860ADA816}.Debug|Any CPU.ActiveCfg = Debug|Any CPU
		{203F2B50-C86E-4B15-AD0D-5F5860ADA816}.Debug|Any CPU.Build.0 = Debug|Any CPU
		{203F2B50-C86E-4B15-AD0D-5F5860ADA816}.Release|Any CPU.ActiveCfg = Release|Any CPU
		{203F2B50-C86E-4B15-AD0D-5F5860ADA816}.Release|Any CPU.Build.0 = Release|Any CPU
		{05291AD2-5A85-4073-AA58-36F035B0F75E}.Debug|Any CPU.ActiveCfg = Debug|Any CPU
		{05291AD2-5A85-4073-AA58-36F035B0F75E}.Debug|Any CPU.Build.0 = Debug|Any CPU
		{05291AD2-5A85-4073-AA58-36F035B0F75E}.Release|Any CPU.ActiveCfg = Release|Any CPU
		{05291AD2-5A85-4073-AA58-36F035B0F75E}.Release|Any CPU.Build.0 = Release|Any CPU
		{1F61D568-3AB8-4771-9BBE-7948DD5E02ED}.Debug|Any CPU.ActiveCfg = Debug|Any CPU
		{1F61D568-3AB8-4771-9BBE-7948DD5E02ED}.Debug|Any CPU.Build.0 = Debug|Any CPU
		{1F61D568-3AB8-4771-9BBE-7948DD5E02ED}.Release|Any CPU.ActiveCfg = Release|Any CPU
		{1F61D568-3AB8-4771-9BBE-7948DD5E02ED}.Release|Any CPU.Build.0 = Release|Any CPU
		{E5046501-2B01-4DEA-9E04-9F39418538CA}.Debug|Any CPU.ActiveCfg = Debug|Any CPU
		{E5046501-2B01-4DEA-9E04-9F39418538CA}.Debug|Any CPU.Build.0 = Debug|Any CPU
		{E5046501-2B01-4DEA-9E04-9F39418538CA}.Release|Any CPU.ActiveCfg = Release|Any CPU
		{E5046501-2B01-4DEA-9E04-9F39418538CA}.Release|Any CPU.Build.0 = Release|Any CPU
		{74FFE74C-B542-4445-9F27-C51D4AF80A67}.Debug|Any CPU.ActiveCfg = Debug|Any CPU
		{74FFE74C-B542-4445-9F27-C51D4AF80A67}.Debug|Any CPU.Build.0 = Debug|Any CPU
		{74FFE74C-B542-4445-9F27-C51D4AF80A67}.Release|Any CPU.ActiveCfg = Release|Any CPU
		{74FFE74C-B542-4445-9F27-C51D4AF80A67}.Release|Any CPU.Build.0 = Release|Any CPU
		{57528344-A5EE-43AD-853C-88D962650C5C}.Debug|Any CPU.ActiveCfg = Debug|Any CPU
		{57528344-A5EE-43AD-853C-88D962650C5C}.Debug|Any CPU.Build.0 = Debug|Any CPU
		{57528344-A5EE-43AD-853C-88D962650C5C}.Release|Any CPU.ActiveCfg = Release|Any CPU
		{57528344-A5EE-43AD-853C-88D962650C5C}.Release|Any CPU.Build.0 = Release|Any CPU
		{5C26993A-7E18-42B5-86C5-2B2AC3EF75B7}.Debug|Any CPU.ActiveCfg = Debug|Any CPU
		{5C26993A-7E18-42B5-86C5-2B2AC3EF75B7}.Debug|Any CPU.Build.0 = Debug|Any CPU
		{5C26993A-7E18-42B5-86C5-2B2AC3EF75B7}.Release|Any CPU.ActiveCfg = Release|Any CPU
		{5C26993A-7E18-42B5-86C5-2B2AC3EF75B7}.Release|Any CPU.Build.0 = Release|Any CPU
		{A4390D53-9399-48A3-949C-4E75E9859527}.Debug|Any CPU.ActiveCfg = Debug|Any CPU
		{A4390D53-9399-48A3-949C-4E75E9859527}.Debug|Any CPU.Build.0 = Debug|Any CPU
		{A4390D53-9399-48A3-949C-4E75E9859527}.Release|Any CPU.ActiveCfg = Release|Any CPU
		{A4390D53-9399-48A3-949C-4E75E9859527}.Release|Any CPU.Build.0 = Release|Any CPU
		{04344DEE-2880-4C99-A6F1-457BFD988130}.Debug|Any CPU.ActiveCfg = Debug|Any CPU
		{04344DEE-2880-4C99-A6F1-457BFD988130}.Debug|Any CPU.Build.0 = Debug|Any CPU
		{04344DEE-2880-4C99-A6F1-457BFD988130}.Release|Any CPU.ActiveCfg = Release|Any CPU
		{04344DEE-2880-4C99-A6F1-457BFD988130}.Release|Any CPU.Build.0 = Release|Any CPU
		{55CD72DA-74BE-432A-81B9-2AA2F37DC011}.Debug|Any CPU.ActiveCfg = Debug|Any CPU
		{55CD72DA-74BE-432A-81B9-2AA2F37DC011}.Debug|Any CPU.Build.0 = Debug|Any CPU
		{55CD72DA-74BE-432A-81B9-2AA2F37DC011}.Release|Any CPU.ActiveCfg = Release|Any CPU
		{55CD72DA-74BE-432A-81B9-2AA2F37DC011}.Release|Any CPU.Build.0 = Release|Any CPU
		{A8014048-ADCF-4411-A75C-D1FAB805F7FE}.Debug|Any CPU.ActiveCfg = Debug|Any CPU
		{A8014048-ADCF-4411-A75C-D1FAB805F7FE}.Debug|Any CPU.Build.0 = Debug|Any CPU
		{A8014048-ADCF-4411-A75C-D1FAB805F7FE}.Release|Any CPU.ActiveCfg = Release|Any CPU
		{A8014048-ADCF-4411-A75C-D1FAB805F7FE}.Release|Any CPU.Build.0 = Release|Any CPU
		{5079E3D2-7761-4460-9C68-28CF02EA8ED2}.Debug|Any CPU.ActiveCfg = Debug|Any CPU
		{5079E3D2-7761-4460-9C68-28CF02EA8ED2}.Debug|Any CPU.Build.0 = Debug|Any CPU
		{5079E3D2-7761-4460-9C68-28CF02EA8ED2}.Release|Any CPU.ActiveCfg = Release|Any CPU
		{5079E3D2-7761-4460-9C68-28CF02EA8ED2}.Release|Any CPU.Build.0 = Release|Any CPU
	EndGlobalSection
	GlobalSection(SolutionProperties) = preSolution
		HideSolutionNode = FALSE
	EndGlobalSection
EndGlobal
